{
  "originHash" : "3b397b36785ed50bfc94ae034878971cb079453eee8f859e9dbbfd4971b7c5d0",
  "pins" : [
    {
      "identity" : "alamofire",
      "kind" : "remoteSourceControl",
      "location" : "https://github.com/Alamofire/Alamofire.git",
      "state" : {
        "revision" : "3f99050e75bbc6fe71fc323adabb039756680016",
        "version" : "5.11.1"
      }
    },
    {
      "identity" : "rive-ios",
      "kind" : "remoteSourceControl",
      "location" : "https://github.com/rive-app/rive-ios.git",
      "state" : {
        "revision" : "a336db4b742a8a795841c9daf8a61e7b16a7ac32",
        "version" : "6.26.0"
      }
    },
    {
      "identity" : "sentry-cocoa",
      "kind" : "remoteSourceControl",
      "location" : "https://github.com/getsentry/sentry-cocoa.git",
      "state" : {
        "revision" : "8689e780a295dfdc6501ac0dbb502461e16d6551",
        "version" : "9.29.2"
      }
    }
  ],
  "version" : 3
}
